{
  "name": "test-module-onopko",
  "version": "1.0.0",
  "lockfileVersion": 2,
  "requires": true,
  "packages": {
    "": {
      "name": "test-module-onopko",
      "version": "1.0.0",
      "license": "MIT",
      "dependencies": {
        "test-module-onopko": "1.0.0"
      }
    },
    "node_modules/test-module-onopko": {
      "version": "1.0.0",
      "resolved": "https://registry.npmjs.org/test-module-onopko/-/test-module-onopko-1.0.0.tgz",
      "integrity": "sha512-xjpZKP4+Cd9akCP/QudN9OLO1zjk5d9AF88BzeR3QLfbpCXyTAybcmMiJnqV6XVWQsOSkmrx/sUEnzLeZpbWzg=="
    }
  },
  "dependencies": {
    "test-module-onopko": {
      "version": "1.0.0",
      "resolved": "https://registry.npmjs.org/test-module-onopko/-/test-module-onopko-1.0.0.tgz",
      "integrity": "sha512-xjpZKP4+Cd9akCP/QudN9OLO1zjk5d9AF88BzeR3QLfbpCXyTAybcmMiJnqV6XVWQsOSkmrx/sUEnzLeZpbWzg=="
    }
  }
}
